
Microsoft Visual Studio Solution File, Format Version 12.00
# Visual Studio 15
VisualStudioVersion = 15.0.27130.2036
MinimumVisualStudioVersion = 10.0.40219.1
Project("{F184B08F-C81C-45F6-A57F-5ABD9991F28F}") = "GraphAdjacencyList", "GraphAdjacencyList\GraphAdjacencyList.vbproj", "{2B7502C8-2C85-49D6-96AE-7DA63A1AFC54}"
EndProject
Global
	GlobalSection(SolutionConfigurationPlatforms) = preSolution
		Debug|Any CPU = Debug|Any CPU
		Release|Any CPU = Release|Any CPU
	EndGlobalSection
	GlobalSection(ProjectConfigurationPlatforms) = postSolution
		{2B7502C8-2C85-49D6-96AE-7DA63A1AFC54}.Debug|Any CPU.ActiveCfg = Debug|Any CPU
		{2B7502C8-2C85-49D6-96AE-7DA63A1AFC54}.Debug|Any CPU.Build.0 = Debug|Any CPU
		{2B7502C8-2C85-49D6-96AE-7DA63A1AFC54}.Release|Any CPU.ActiveCfg = Release|Any CPU
		{2B7502C8-2C85-49D6-96AE-7DA63A1AFC54}.Release|Any CPU.Build.0 = Release|Any CPU
	EndGlobalSection
	GlobalSection(SolutionProperties) = preSolution
		HideSolutionNode = FALSE
	EndGlobalSection
	GlobalSection(ExtensibilityGlobals) = postSolution
		SolutionGuid = {A27638DF-1588-4E99-A586-C486D8188E1F}
	EndGlobalSection
EndGlobal
